
Microsoft Visual Studio Solution File, Format Version 12.00
# Visual Studio Version 17
VisualStudioVersion = 17.5.33627.172
MinimumVisualStudioVersion = 10.0.40219.1
Project("{9A19103F-16F7-4668-BE54-9A1E7A4F7556}") = "Authn.Sample.Api1", "Authn.Sample.Api1\Authn.Sample.Api1.csproj", "{8BEB6B68-7D5E-4498-8756-9DA47B01EF21}"
EndProject
Project("{9A19103F-16F7-4668-BE54-9A1E7A4F7556}") = "Authn.Sample.Api2", "Authn.Sample.Api2\Authn.Sample.Api2.csproj", "{040D9FE0-0C1A-49EC-B510-821001098F20}"
EndProject
Project("{9A19103F-16F7-4668-BE54-9A1E7A4F7556}") = "Authn.Sample.BlazorServer", "Authn.Sample.BlazorServer\Authn.Sample.BlazorServer.csproj", "{443FA417-3644-4A89-9C1E-D7C4FE2682BF}"
EndProject
Project("{9A19103F-16F7-4668-BE54-9A1E7A4F7556}") = "Authn.Sample.BlazorServer.MultipleAuthSchemes", "Authn.Sample.BlazorServer.MultipleAuthSchemes\Authn.Sample.BlazorServer.MultipleAuthSchemes.csproj", "{FBA7741B-5D5F-4826-B6D7-E2A2721B5630}"
EndProject
Global
	GlobalSection(SolutionConfigurationPlatforms) = preSolution
		Debug|Any CPU = Debug|Any CPU
		Release|Any CPU = Release|Any CPU
	EndGlobalSection
	GlobalSection(ProjectConfigurationPlatforms) = postSolution
		{8BEB6B68-7D5E-4498-8756-9DA47B01EF21}.Debug|Any CPU.ActiveCfg = Debug|Any CPU
		{8BEB6B68-7D5E-4498-8756-9DA47B01EF21}.Debug|Any CPU.Build.0 = Debug|Any CPU
		{8BEB6B68-7D5E-4498-8756-9DA47B01EF21}.Release|Any CPU.ActiveCfg = Release|Any CPU
		{8BEB6B68-7D5E-4498-8756-9DA47B01EF21}.Release|Any CPU.Build.0 = Release|Any CPU
		{040D9FE0-0C1A-49EC-B510-821001098F20}.Debug|Any CPU.ActiveCfg = Debug|Any CPU
		{040D9FE0-0C1A-49EC-B510-821001098F20}.Debug|Any CPU.Build.0 = Debug|Any CPU
		{040D9FE0-0C1A-49EC-B510-821001098F20}.Release|Any CPU.ActiveCfg = Release|Any CPU
		{040D9FE0-0C1A-49EC-B510-821001098F20}.Release|Any CPU.Build.0 = Release|Any CPU
		{443FA417-3644-4A89-9C1E-D7C4FE2682BF}.Debug|Any CPU.ActiveCfg = Debug|Any CPU
		{443FA417-3644-4A89-9C1E-D7C4FE2682BF}.Debug|Any CPU.Build.0 = Debug|Any CPU
		{443FA417-3644-4A89-9C1E-D7C4FE2682BF}.Release|Any CPU.ActiveCfg = Release|Any CPU
		{443FA417-3644-4A89-9C1E-D7C4FE2682BF}.Release|Any CPU.Build.0 = Release|Any CPU
		{FBA7741B-5D5F-4826-B6D7-E2A2721B5630}.Debug|Any CPU.ActiveCfg = Debug|Any CPU
		{FBA7741B-5D5F-4826-B6D7-E2A2721B5630}.Debug|Any CPU.Build.0 = Debug|Any CPU
		{FBA7741B-5D5F-4826-B6D7-E2A2721B5630}.Release|Any CPU.ActiveCfg = Release|Any CPU
		{FBA7741B-5D5F-4826-B6D7-E2A2721B5630}.Release|Any CPU.Build.0 = Release|Any CPU
	EndGlobalSection
	GlobalSection(SolutionProperties) = preSolution
		HideSolutionNode = FALSE
	EndGlobalSection
	GlobalSection(ExtensibilityGlobals) = postSolution
		SolutionGuid = {B510EFEA-BBB6-4234-A721-4471B9CE3329}
	EndGlobalSection
EndGlobal
